
Microsoft Visual Studio Solution File, Format Version 12.00
# Visual Studio Version 17
VisualStudioVersion = 17.14.36511.14 d17.14
MinimumVisualStudioVersion = 10.0.40219.1
Project("{F2A71F9B-5D33-465A-A702-920D77279786}") = "assignment2", "assignment2\assignment2.fsproj", "{83A027D7-C439-403D-982C-86555B3D24FB}"
EndProject
Global
	GlobalSection(SolutionConfigurationPlatforms) = preSolution
		Debug|Any CPU = Debug|Any CPU
		Release|Any CPU = Release|Any CPU
	EndGlobalSection
	GlobalSection(ProjectConfigurationPlatforms) = postSolution
		{83A027D7-C439-403D-982C-86555B3D24FB}.Debug|Any CPU.ActiveCfg = Debug|Any CPU
		{83A027D7-C439-403D-982C-86555B3D24FB}.Debug|Any CPU.Build.0 = Debug|Any CPU
		{83A027D7-C439-403D-982C-86555B3D24FB}.Release|Any CPU.ActiveCfg = Release|Any CPU
		{83A027D7-C439-403D-982C-86555B3D24FB}.Release|Any CPU.Build.0 = Release|Any CPU
	EndGlobalSection
	GlobalSection(SolutionProperties) = preSolution
		HideSolutionNode = FALSE
	EndGlobalSection
	GlobalSection(ExtensibilityGlobals) = postSolution
		SolutionGuid = {6B5AB604-5ED9-49F8-A345-7DC25070376E}
	EndGlobalSection
EndGlobal
